Microsoft Visual Studio Solution File, Format Version 12.00
# Visual Studio Version 17
VisualStudioVersion = 17.5.2.0
MinimumVisualStudioVersion = 10.0.40219.1
Project("{FAE04EC0-301F-11D3-BF4B-00C04F79EFBC}") = "e2-par-o-impar", "e2-par-o-impar.csproj", "{5FE37FD4-6BE1-9529-3AE2-13D2012B23C9}"
EndProject
Global
	GlobalSection(SolutionConfigurationPlatforms) = preSolution
		Debug|Any CPU = Debug|Any CPU
		Release|Any CPU = Release|Any CPU
	EndGlobalSection
	GlobalSection(ProjectConfigurationPlatforms) = postSolution
		{5FE37FD4-6BE1-9529-3AE2-13D2012B23C9}.Debug|Any CPU.ActiveCfg = Debug|Any CPU
		{5FE37FD4-6BE1-9529-3AE2-13D2012B23C9}.Debug|Any CPU.Build.0 = Debug|Any CPU
		{5FE37FD4-6BE1-9529-3AE2-13D2012B23C9}.Release|Any CPU.ActiveCfg = Release|Any CPU
		{5FE37FD4-6BE1-9529-3AE2-13D2012B23C9}.Release|Any CPU.Build.0 = Release|Any CPU
	EndGlobalSection
	GlobalSection(SolutionProperties) = preSolution
		HideSolutionNode = FALSE
	EndGlobalSection
	GlobalSection(ExtensibilityGlobals) = postSolution
		SolutionGuid = {965BF9EF-9487-4A68-B06C-58D0CB3D88AB}
	EndGlobalSection
EndGlobal
